
Microsoft Visual Studio Solution File, Format Version 12.00
# Visual Studio Version 17
VisualStudioVersion = 17.6.33723.286
MinimumVisualStudioVersion = 10.0.40219.1
Project("{2150E333-8FDC-42A3-9474-1A3956D46DE8}") = "src", "src", "{2BB1FA99-3E69-4840-A8F8-2EEE26F273C2}"
EndProject
Project("{2150E333-8FDC-42A3-9474-1A3956D46DE8}") = "test", "test", "{EEC9849F-72C9-4AC9-A06C-52949C5537D4}"
EndProject
Project("{2150E333-8FDC-42A3-9474-1A3956D46DE8}") = "Application", "Application", "{E8F54C2F-A1B9-4649-B5EC-3DAEE3929BB1}"
EndProject
Project("{2150E333-8FDC-42A3-9474-1A3956D46DE8}") = "UI", "UI", "{5E7DB93D-2865-40B5-8C73-C2809C0AFF6D}"
EndProject
Project("{2150E333-8FDC-42A3-9474-1A3956D46DE8}") = "Infrastructure", "Infrastructure", "{822434DF-9C26-441D-B201-4FA56B9FD4AD}"
EndProject
Project("{2150E333-8FDC-42A3-9474-1A3956D46DE8}") = "Core", "Core", "{5A1A1798-6C40-4E19-969E-713F57012FBD}"
EndProject
Project("{FAE04EC0-301F-11D3-BF4B-00C04F79EFBC}") = "HR.LeaveManagement.Domain", "HR.LeaveManagement.Domain\HR.LeaveManagement.Domain.csproj", "{E9796C52-BF03-4533-8FE8-A9F43AB7F2B7}"
EndProject
Project("{FAE04EC0-301F-11D3-BF4B-00C04F79EFBC}") = "HR.Leavemanagement.Application", "HR.Leavemanagement.Application\HR.Leavemanagement.Application.csproj", "{BDCF7FF6-1989-49F9-9A33-65ECCC3369B9}"
EndProject
Global
	GlobalSection(SolutionConfigurationPlatforms) = preSolution
		Debug|Any CPU = Debug|Any CPU
		Release|Any CPU = Release|Any CPU
	EndGlobalSection
	GlobalSection(ProjectConfigurationPlatforms) = postSolution
		{E9796C52-BF03-4533-8FE8-A9F43AB7F2B7}.Debug|Any CPU.ActiveCfg = Debug|Any CPU
		{E9796C52-BF03-4533-8FE8-A9F43AB7F2B7}.Debug|Any CPU.Build.0 = Debug|Any CPU
		{E9796C52-BF03-4533-8FE8-A9F43AB7F2B7}.Release|Any CPU.ActiveCfg = Release|Any CPU
		{E9796C52-BF03-4533-8FE8-A9F43AB7F2B7}.Release|Any CPU.Build.0 = Release|Any CPU
		{BDCF7FF6-1989-49F9-9A33-65ECCC3369B9}.Debug|Any CPU.ActiveCfg = Debug|Any CPU
		{BDCF7FF6-1989-49F9-9A33-65ECCC3369B9}.Debug|Any CPU.Build.0 = Debug|Any CPU
		{BDCF7FF6-1989-49F9-9A33-65ECCC3369B9}.Release|Any CPU.ActiveCfg = Release|Any CPU
		{BDCF7FF6-1989-49F9-9A33-65ECCC3369B9}.Release|Any CPU.Build.0 = Release|Any CPU
	EndGlobalSection
	GlobalSection(SolutionProperties) = preSolution
		HideSolutionNode = FALSE
	EndGlobalSection
	GlobalSection(NestedProjects) = preSolution
		{E8F54C2F-A1B9-4649-B5EC-3DAEE3929BB1} = {2BB1FA99-3E69-4840-A8F8-2EEE26F273C2}
		{5E7DB93D-2865-40B5-8C73-C2809C0AFF6D} = {2BB1FA99-3E69-4840-A8F8-2EEE26F273C2}
		{822434DF-9C26-441D-B201-4FA56B9FD4AD} = {2BB1FA99-3E69-4840-A8F8-2EEE26F273C2}
		{5A1A1798-6C40-4E19-969E-713F57012FBD} = {2BB1FA99-3E69-4840-A8F8-2EEE26F273C2}
		{E9796C52-BF03-4533-8FE8-A9F43AB7F2B7} = {5A1A1798-6C40-4E19-969E-713F57012FBD}
		{BDCF7FF6-1989-49F9-9A33-65ECCC3369B9} = {5A1A1798-6C40-4E19-969E-713F57012FBD}
	EndGlobalSection
	GlobalSection(ExtensibilityGlobals) = postSolution
		SolutionGuid = {E55FB835-C477-4339-9A55-07E393315A2C}
	EndGlobalSection
EndGlobal
